
Microsoft Visual Studio Solution File, Format Version 12.00
# Visual Studio 14
VisualStudioVersion = 14.0.25420.1
MinimumVisualStudioVersion = 10.0.40219.1
Project("{FAE04EC0-301F-11D3-BF4B-00C04F79EFBC}") = "LogicEngine.Lib", "src\LogicEngine.Lib\LogicEngine.Lib.csproj", "{D11A7227-D7CB-4A35-80C6-7357D1410A8D}"
EndProject
Project("{FAE04EC0-301F-11D3-BF4B-00C04F79EFBC}") = "LogicEngine.Lib.Test", "src\LogicEngine.Lib.Test\LogicEngine.Lib.Test.csproj", "{684FB3AC-47A8-4F4B-820E-C97E07E1036A}"
EndProject
Project("{2150E333-8FDC-42A3-9474-1A3956D46DE8}") = "Build", "Build", "{7117B338-0A0D-4713-BE23-1F6F2C636866}"
	ProjectSection(SolutionItems) = preProject
		Build\LogicEngine.ncover = Build\LogicEngine.ncover
		Build\LogicEngine.xml = Build\LogicEngine.xml
		Build\testfast.bat = Build\testfast.bat
	EndProjectSection
EndProject
Project("{FAE04EC0-301F-11D3-BF4B-00C04F79EFBC}") = "Example", "src\Example\Example.csproj", "{65B84CCD-3FAD-4234-A6F7-33628E589C48}"
EndProject
Project("{FAE04EC0-301F-11D3-BF4B-00C04F79EFBC}") = "Example.Test", "src\Example.Test\Example.Test.csproj", "{6B84895F-0C48-4CEA-8B34-66CE2B0F1BF1}"
EndProject
Project("{2150E333-8FDC-42A3-9474-1A3956D46DE8}") = "Solution Items", "Solution Items", "{10AA5126-C21E-43B9-9178-ECF23E8F3469}"
	ProjectSection(SolutionItems) = preProject
		README.md = README.md
	EndProjectSection
EndProject
Global
	GlobalSection(SolutionConfigurationPlatforms) = preSolution
		Debug|Any CPU = Debug|Any CPU
		Release|Any CPU = Release|Any CPU
	EndGlobalSection
	GlobalSection(ProjectConfigurationPlatforms) = postSolution
		{D11A7227-D7CB-4A35-80C6-7357D1410A8D}.Debug|Any CPU.ActiveCfg = Debug|Any CPU
		{D11A7227-D7CB-4A35-80C6-7357D1410A8D}.Debug|Any CPU.Build.0 = Debug|Any CPU
		{D11A7227-D7CB-4A35-80C6-7357D1410A8D}.Release|Any CPU.ActiveCfg = Release 4.5|Any CPU
		{D11A7227-D7CB-4A35-80C6-7357D1410A8D}.Release|Any CPU.Build.0 = Release 4.5|Any CPU
		{684FB3AC-47A8-4F4B-820E-C97E07E1036A}.Debug|Any CPU.ActiveCfg = Debug|Any CPU
		{684FB3AC-47A8-4F4B-820E-C97E07E1036A}.Debug|Any CPU.Build.0 = Debug|Any CPU
		{684FB3AC-47A8-4F4B-820E-C97E07E1036A}.Release|Any CPU.ActiveCfg = Release|Any CPU
		{684FB3AC-47A8-4F4B-820E-C97E07E1036A}.Release|Any CPU.Build.0 = Release|Any CPU
		{65B84CCD-3FAD-4234-A6F7-33628E589C48}.Debug|Any CPU.ActiveCfg = Debug|Any CPU
		{65B84CCD-3FAD-4234-A6F7-33628E589C48}.Debug|Any CPU.Build.0 = Debug|Any CPU
		{65B84CCD-3FAD-4234-A6F7-33628E589C48}.Release|Any CPU.ActiveCfg = Release|Any CPU
		{65B84CCD-3FAD-4234-A6F7-33628E589C48}.Release|Any CPU.Build.0 = Release|Any CPU
		{6B84895F-0C48-4CEA-8B34-66CE2B0F1BF1}.Debug|Any CPU.ActiveCfg = Debug|Any CPU
		{6B84895F-0C48-4CEA-8B34-66CE2B0F1BF1}.Debug|Any CPU.Build.0 = Debug|Any CPU
		{6B84895F-0C48-4CEA-8B34-66CE2B0F1BF1}.Release|Any CPU.ActiveCfg = Release|Any CPU
		{6B84895F-0C48-4CEA-8B34-66CE2B0F1BF1}.Release|Any CPU.Build.0 = Release|Any CPU
	EndGlobalSection
	GlobalSection(SolutionProperties) = preSolution
		HideSolutionNode = FALSE
	EndGlobalSection
EndGlobal
